# THIS IS AN AUTOGENERATED FILE. DO NOT EDIT THIS FILE DIRECTLY.
# yarn lockfile v1


"@types/open@^0.0.29":
  version "0.0.29"
  resolved "https://registry.yarnpkg.com/@types/open/-/open-0.0.29.tgz#3de910012674909db14d608d1fde44ffa7a9ecea"

open@^0.0.5:
  version "0.0.5"
  resolved "https://registry.yarnpkg.com/open/-/open-0.0.5.tgz#42c3e18ec95466b6bf0dc42f3a2945c3f0cad8fc"
